// !$*UTF8*$!
{
	archiveVersion = 1;
	classes = {
	};
	objectVersion = 55;
	objects = {

/* Begin PBXBuildFile section */
		693B93FB28B8123F000DFBFF /* AppDelegate.swift in Sources */ = {isa = PBXBuildFile; fileRef = 693B93FA28B8123F000DFBFF /* AppDelegate.swift */; };
		693B93FD28B8123F000DFBFF /* SceneDelegate.swift in Sources */ = {isa = PBXBuildFile; fileRef = 693B93FC28B8123F000DFBFF /* SceneDelegate.swift */; };
		693B93FF28B8123F000DFBFF /* ViewController.swift in Sources */ = {isa = PBXBuildFile; fileRef = 693B93FE28B8123F000DFBFF /* ViewController.swift */; };
		693B940228B8123F000DFBFF /* Main.storyboard in Resources */ = {isa = PBXBuildFile; fileRef = 693B940028B8123F000DFBFF /* Main.storyboard */; };
		693B940428B81240000DFBFF /* Assets.xcassets in Resources */ = {isa = PBXBuildFile; fileRef = 693B940328B81240000DFBFF /* Assets.xcassets */; };
		693B940728B81240000DFBFF /* LaunchScreen.storyboard in Resources */ = {isa = PBXBuildFile; fileRef = 693B940528B81240000DFBFF /* LaunchScreen.storyboard */; };
		693B940F28B812AC000DFBFF /* PhotoViewController.swift in Sources */ = {isa = PBXBuildFile; fileRef = 693B940E28B812AC000DFBFF /* PhotoViewController.swift */; };
		693B941128B812FE000DFBFF /* PhotoCollection.swift in Sources */ = {isa = PBXBuildFile; fileRef = 693B941028B812FE000DFBFF /* PhotoCollection.swift */; };
		693B941328B81327000DFBFF /* CollectionViewCell.swift in Sources */ = {isa = PBXBuildFile; fileRef = 693B941228B81327000DFBFF /* CollectionViewCell.swift */; };
		693B941528B81642000DFBFF /* Extention Button .swift in Sources */ = {isa = PBXBuildFile; fileRef = 693B941428B81642000DFBFF /* Extention Button .swift */; };
		693B941728B81ABF000DFBFF /* PhotoCollection.storyboard in Resources */ = {isa = PBXBuildFile; fileRef = 693B941628B81ABF000DFBFF /* PhotoCollection.storyboard */; };
/* End PBXBuildFile section */

/* Begin PBXFileReference section */
		693B93F728B8123F000DFBFF /* CollectoinPhotoApp.app */ = {isa = PBXFileReference; explicitFileType = wrapper.application; includeInIndex = 0; path = CollectoinPhotoApp.app; sourceTree = BUILT_PRODUCTS_DIR; };
		693B93FA28B8123F000DFBFF /* AppDelegate.swift */ = {isa = PBXFileReference; lastKnownFileType = sourcecode.swift; path = AppDelegate.swift; sourceTree = "<group>"; };
		693B93FC28B8123F000DFBFF /* SceneDelegate.swift */ = {isa = PBXFileReference; lastKnownFileType = sourcecode.swift; path = SceneDelegate.swift; sourceTree = "<group>"; };
		693B93FE28B8123F000DFBFF /* ViewController.swift */ = {isa = PBXFileReference; lastKnownFileType = sourcecode.swift; path = ViewController.swift; sourceTree = "<group>"; };
		693B940128B8123F000DFBFF /* Base */ = {isa = PBXFileReference; lastKnownFileType = file.storyboard; name = Base; path = Base.lproj/Main.storyboard; sourceTree = "<group>"; };
		693B940328B81240000DFBFF /* Assets.xcassets */ = {isa = PBXFileReference; lastKnownFileType = folder.assetcatalog; path = Assets.xcassets; sourceTree = "<group>"; };
		693B940628B81240000DFBFF /* Base */ = {isa = PBXFileReference; lastKnownFileType = file.storyboard; name = Base; path = Base.lproj/LaunchScreen.storyboard; sourceTree = "<group>"; };
		693B940828B81240000DFBFF /* Info.plist */ = {isa = PBXFileReference; lastKnownFileType = text.plist.xml; path = Info.plist; sourceTree = "<group>"; };
		693B940E28B812AC000DFBFF /* PhotoViewController.swift */ = {isa = PBXFileReference; lastKnownFileType = sourcecode.swift; path = PhotoViewController.swift; sourceTree = "<group>"; };
		693B941028B812FE000DFBFF /* PhotoCollection.swift */ = {isa = PBXFileReference; lastKnownFileType = sourcecode.swift; path = PhotoCollection.swift; sourceTree = "<group>"; };
		693B941228B81327000DFBFF /* CollectionViewCell.swift */ = {isa = PBXFileReference; lastKnownFileType = sourcecode.swift; path = CollectionViewCell.swift; sourceTree = "<group>"; };
		693B941428B81642000DFBFF /* Extention Button .swift */ = {isa = PBXFileReference; fileEncoding = 4; lastKnownFileType = sourcecode.swift; path = "Extention Button .swift"; sourceTree = "<group>"; };
		693B941628B81ABF000DFBFF /* PhotoCollection.storyboard */ = {isa = PBXFileReference; fileEncoding = 4; lastKnownFileType = file.storyboard; path = PhotoCollection.storyboard; sourceTree = "<group>"; };
/* End PBXFileReference section */

/* Begin PBXFrameworksBuildPhase section */
		693B93F428B8123F000DFBFF /* Frameworks */ = {
			isa = PBXFrameworksBuildPhase;
			buildActionMask = 2147483647;
			files = (
			);
			runOnlyForDeploymentPostprocessing = 0;
		};
/* End PBXFrameworksBuildPhase section */

/* Begin PBXGroup section */
		693B93EE28B8123F000DFBFF = {
			isa = PBXGroup;
			children = (
				693B93F928B8123F000DFBFF /* CollectoinPhotoApp */,
				693B93F828B8123F000DFBFF /* Products */,
			);
			sourceTree = "<group>";
		};
		693B93F828B8123F000DFBFF /* Products */ = {
			isa = PBXGroup;
			children = (
				693B93F728B8123F000DFBFF /* CollectoinPhotoApp.app */,
			);
			name = Products;
			sourceTree = "<group>";
		};
		693B93F928B8123F000DFBFF /* CollectoinPhotoApp */ = {
			isa = PBXGroup;
			children = (
				693B93FA28B8123F000DFBFF /* AppDelegate.swift */,
				693B93FC28B8123F000DFBFF /* SceneDelegate.swift */,
				693B93FE28B8123F000DFBFF /* ViewController.swift */,
				693B940E28B812AC000DFBFF /* PhotoViewController.swift */,
				693B941028B812FE000DFBFF /* PhotoCollection.swift */,
				693B941228B81327000DFBFF /* CollectionViewCell.swift */,
				693B941428B81642000DFBFF /* Extention Button .swift */,
				693B940028B8123F000DFBFF /* Main.storyboard */,
				693B941628B81ABF000DFBFF /* PhotoCollection.storyboard */,
				693B940328B81240000DFBFF /* Assets.xcassets */,
				693B940528B81240000DFBFF /* LaunchScreen.storyboard */,
				693B940828B81240000DFBFF /* Info.plist */,
			);
			path = CollectoinPhotoApp;
			sourceTree = "<group>";
		};
/* End PBXGroup section */

/* Begin PBXNativeTarget section */
		693B93F628B8123F000DFBFF /* CollectoinPhotoApp */ = {
			isa = PBXNativeTarget;
			buildConfigurationList = 693B940B28B81240000DFBFF /* Build configuration list for PBXNativeTarget "CollectoinPhotoApp" */;
			buildPhases = (
				693B93F328B8123F000DFBFF /* Sources */,
				693B93F428B8123F000DFBFF /* Frameworks */,
				693B93F528B8123F000DFBFF /* Resources */,
			);
			buildRules = (
			);
			dependencies = (
			);
			name = CollectoinPhotoApp;
			productName = CollectoinPhotoApp;
			productReference = 693B93F728B8123F000DFBFF /* CollectoinPhotoApp.app */;
			productType = "com.apple.product-type.application";
		};
/* End PBXNativeTarget section */

/* Begin PBXProject section */
		693B93EF28B8123F000DFBFF /* Project object */ = {
			isa = PBXProject;
			attributes = {
				BuildIndependentTargetsInParallel = 1;
				LastSwiftUpdateCheck = 1330;
				LastUpgradeCheck = 1330;
				TargetAttributes = {
					693B93F628B8123F000DFBFF = {
						CreatedOnToolsVersion = 13.3.1;
					};
				};
			};
			buildConfigurationList = 693B93F228B8123F000DFBFF /* Build configuration list for PBXProject "CollectoinPhotoApp" */;
			compatibilityVersion = "Xcode 13.0";
			developmentRegion = en;
			hasScannedForEncodings = 0;
			knownRegions = (
				en,
				Base,
			);
			mainGroup = 693B93EE28B8123F000DFBFF;
			productRefGroup = 693B93F828B8123F000DFBFF /* Products */;
			projectDirPath = "";
			projectRoot = "";
			targets = (
				693B93F628B8123F000DFBFF /* CollectoinPhotoApp */,
			);
		};
/* End PBXProject section */

/* Begin PBXResourcesBuildPhase section */
		693B93F528B8123F000DFBFF /* Resources */ = {
			isa = PBXResourcesBuildPhase;
			buildActionMask = 2147483647;
			files = (
				693B940728B81240000DFBFF /* LaunchScreen.storyboard in Resources */,
				693B940428B81240000DFBFF /* Assets.xcassets in Resources */,
				693B940228B8123F000DFBFF /* Main.storyboard in Resources */,
				693B941728B81ABF000DFBFF /* PhotoCollection.storyboard in Resources */,
			);
			runOnlyForDeploymentPostprocessing = 0;
		};
/* End PBXResourcesBuildPhase section */

/* Begin PBXSourcesBuildPhase section */
		693B93F328B8123F000DFBFF /* Sources */ = {
			isa = PBXSourcesBuildPhase;
			buildActionMask = 2147483647;
			files = (
				693B93FF28B8123F000DFBFF /* ViewController.swift in Sources */,
				693B941128B812FE000DFBFF /* PhotoCollection.swift in Sources */,
				693B941328B81327000DFBFF /* CollectionViewCell.swift in Sources */,
				693B940F28B812AC000DFBFF /* PhotoViewController.swift in Sources */,
				693B941528B81642000DFBFF /* Extention Button .swift in Sources */,
				693B93FB28B8123F000DFBFF /* AppDelegate.swift in Sources */,
				693B93FD28B8123F000DFBFF /* SceneDelegate.swift in Sources */,
			);
			runOnlyForDeploymentPostprocessing = 0;
		};
/* End PBXSourcesBuildPhase section */

/* Begin PBXVariantGroup section */
		693B940028B8123F000DFBFF /* Main.storyboard */ = {
			isa = PBXVariantGroup;
			children = (
				693B940128B8123F000DFBFF /* Base */,
			);
			name = Main.storyboard;
			sourceTree = "<group>";
		};
		693B940528B81240000DFBFF /* LaunchScreen.storyboard */ = {
			isa = PBXVariantGroup;
			children = (
				693B940628B81240000DFBFF /* Base */,
			);
			name = LaunchScreen.storyboard;
			sourceTree = "<group>";
		};
/* End PBXVariantGroup section */

/* Begin XCBuildConfiguration section */
		693B940928B81240000DFBFF /* Debug */ = {
			isa = XCBuildConfiguration;
			buildSettings = {
				ALWAYS_SEARCH_USER_PATHS = NO;
				CLANG_ANALYZER_NONNULL = YES;
				CLANG_ANALYZER_NUMBER_OBJECT_CONVERSION = YES_AGGRESSIVE;
				CLANG_CXX_LANGUAGE_STANDARD = "gnu++17";
				CLANG_ENABLE_MODULES = YES;
				CLANG_ENABLE_OBJC_ARC = YES;
				CLANG_ENABLE_OBJC_WEAK = YES;
				CLANG_WARN_BLOCK_CAPTURE_AUTORELEASING = YES;
				CLANG_WARN_BOOL_CONVERSION = YES;
				CLANG_WARN_COMMA = YES;
				CLANG_WARN_CONSTANT_CONVERSION = YES;
				CLANG_WARN_DEPRECATED_OBJC_IMPLEMENTATIONS = YES;
				CLANG_WARN_DIRECT_OBJC_ISA_USAGE = YES_ERROR;
				CLANG_WARN_DOCUMENTATION_COMMENTS = YES;
				CLANG_WARN_EMPTY_BODY = YES;
				CLANG_WARN_ENUM_CONVERSION = YES;
				CLANG_WARN_INFINITE_RECURSION = YES;
				CLANG_WARN_INT_CONVERSION = YES;
				CLANG_WARN_NON_LITERAL_NULL_CONVERSION = YES;
				CLANG_WARN_OBJC_IMPLICIT_RETAIN_SELF = YES;
				CLANG_WARN_OBJC_LITERAL_CONVERSION = YES;
				CLANG_WARN_OBJC_ROOT_CLASS = YES_ERROR;
				CLANG_WARN_QUOTED_INCLUDE_IN_FRAMEWORK_HEADER = YES;
				CLANG_WARN_RANGE_LOOP_ANALYSIS = YES;
				CLANG_WARN_STRICT_PROTOTYPES = YES;
				CLANG_WARN_SUSPICIOUS_MOVE = YES;
				CLANG_WARN_UNGUARDED_AVAILABILITY = YES_AGGRESSIVE;
				CLANG_WARN_UNREACHABLE_CODE = YES;
				CLANG_WARN__DUPLICATE_METHOD_MATCH = YES;
				COPY_PHASE_STRIP = NO;
				DEBUG_INFORMATION_FORMAT = dwarf;
				ENABLE_STRICT_OBJC_MSGSEND = YES;
				ENABLE_TESTABILITY = YES;
				GCC_C_LANGUAGE_STANDARD = gnu11;
				GCC_DYNAMIC_NO_PIC = NO;
				GCC_NO_COMMON_BLOCKS = YES;
				GCC_OPTIMIZATION_LEVEL = 0;
				GCC_PREPROCESSOR_DEFINITIONS = (
					"DEBUG=1",
					"$(inherited)",
				);
				GCC_WARN_64_TO_32_BIT_CONVERSION = YES;
				GCC_WARN_ABOUT_RETURN_TYPE = YES_ERROR;
				GCC_WARN_UNDECLARED_SELECTOR = YES;
				GCC_WARN_UNINITIALIZED_AUTOS = YES_AGGRESSIVE;
				GCC_WARN_UNUSED_FUNCTION = YES;
				GCC_WARN_UNUSED_VARIABLE = YES;
				IPHONEOS_DEPLOYMENT_TARGET = 15.4;
				MTL_ENABLE_DEBUG_INFO = INCLUDE_SOURCE;
				MTL_FAST_MATH = YES;
				ONLY_ACTIVE_ARCH = YES;
				SDKROOT = iphoneos;
				SWIFT_ACTIVE_COMPILATION_CONDITIONS = DEBUG;
				SWIFT_OPTIMIZATION_LEVEL = "-Onone";
			};
			name = Debug;
		};
		693B940A28B81240000DFBFF /* Release */ = {
			isa = XCBuildConfiguration;
			buildSettings = {
				ALWAYS_SEARCH_USER_PATHS = NO;
				CLANG_ANALYZER_NONNULL = YES;
				CLANG_ANALYZER_NUMBER_OBJECT_CONVERSION = YES_AGGRESSIVE;
				CLANG_CXX_LANGUAGE_STANDARD = "gnu++17";
				CLANG_ENABLE_MODULES = YES;
				CLANG_ENABLE_OBJC_ARC = YES;
				CLANG_ENABLE_OBJC_WEAK = YES;
				CLANG_WARN_BLOCK_CAPTURE_AUTORELEASING = YES;
				CLANG_WARN_BOOL_CONVERSION = YES;
				CLANG_WARN_COMMA = YES;
				CLANG_WARN_CONSTANT_CONVERSION = YES;
				CLANG_WARN_DEPRECATED_OBJC_IMPLEMENTATIONS = YES;
				CLANG_WARN_DIRECT_OBJC_ISA_USAGE = YES_ERROR;
				CLANG_WARN_DOCUMENTATION_COMMENTS = YES;
				CLANG_WARN_EMPTY_BODY = YES;
				CLANG_WARN_ENUM_CONVERSION = YES;
				CLANG_WARN_INFINITE_RECURSION = YES;
				CLANG_WARN_INT_CONVERSION = YES;
				CLANG_WARN_NON_LITERAL_NULL_CONVERSION = YES;
				CLANG_WARN_OBJC_IMPLICIT_RETAIN_SELF = YES;
				CLANG_WARN_OBJC_LITERAL_CONVERSION = YES;
				CLANG_WARN_OBJC_ROOT_CLASS = YES_ERROR;
				CLANG_WARN_QUOTED_INCLUDE_IN_FRAMEWORK_HEADER = YES;
				CLANG_WARN_RANGE_LOOP_ANALYSIS = YES;
				CLANG_WARN_STRICT_PROTOTYPES = YES;
				CLANG_WARN_SUSPICIOUS_MOVE = YES;
				CLANG_WARN_UNGUARDED_AVAILABILITY = YES_AGGRESSIVE;
				CLANG_WARN_UNREACHABLE_CODE = YES;
				CLANG_WARN__DUPLICATE_METHOD_MATCH = YES;
				COPY_PHASE_STRIP = NO;
				DEBUG_INFORMATION_FORMAT = "dwarf-with-dsym";
				ENABLE_NS_ASSERTIONS = NO;
				ENABLE_STRICT_OBJC_MSGSEND = YES;
				GCC_C_LANGUAGE_STANDARD = gnu11;
				GCC_NO_COMMON_BLOCKS = YES;
				GCC_WARN_64_TO_32_BIT_CONVERSION = YES;
				GCC_WARN_ABOUT_RETURN_TYPE = YES_ERROR;
				GCC_WARN_UNDECLARED_SELECTOR = YES;
				GCC_WARN_UNINITIALIZED_AUTOS = YES_AGGRESSIVE;
				GCC_WARN_UNUSED_FUNCTION = YES;
				GCC_WARN_UNUSED_VARIABLE = YES;
				IPHONEOS_DEPLOYMENT_TARGET = 15.4;
				MTL_ENABLE_DEBUG_INFO = NO;
				MTL_FAST_MATH = YES;
				SDKROOT = iphoneos;
				SWIFT_COMPILATION_MODE = wholemodule;
				SWIFT_OPTIMIZATION_LEVEL = "-O";
				VALIDATE_PRODUCT = YES;
			};
			name = Release;
		};
		693B940C28B81240000DFBFF /* Debug */ = {
			isa = XCBuildConfiguration;
			buildSettings = {
				ASSETCATALOG_COMPILER_APPICON_NAME = AppIcon;
				ASSETCATALOG_COMPILER_GLOBAL_ACCENT_COLOR_NAME = AccentColor;
				CODE_SIGN_STYLE = Automatic;
				CURRENT_PROJECT_VERSION = 1;
				DEVELOPMENT_TEAM = C23R3D8MDH;
				GENERATE_INFOPLIST_FILE = YES;
				INFOPLIST_FILE = CollectoinPhotoApp/Info.plist;
				INFOPLIST_KEY_UIApplicationSupportsIndirectInputEvents = YES;
				INFOPLIST_KEY_UILaunchStoryboardName = LaunchScreen;
				INFOPLIST_KEY_UIMainStoryboardFile = Main;
				INFOPLIST_KEY_UISupportedInterfaceOrientations_iPad = "UIInterfaceOrientationPortrait UIInterfaceOrientationPortraitUpsideDown UIInterfaceOrientationLandscapeLeft UIInterfaceOrientationLandscapeRight";
				INFOPLIST_KEY_UISupportedInterfaceOrientations_iPhone = "UIInterfaceOrientationPortrait UIInterfaceOrientationLandscapeLeft UIInterfaceOrientationLandscapeRight";
				LD_RUNPATH_SEARCH_PATHS = (
					"$(inherited)",
					"@executable_path/Frameworks",
				);
				MARKETING_VERSION = 1.0;
				PRODUCT_BUNDLE_IDENTIFIER = com.parkhom..CollectoinPhotoApp;
				PRODUCT_NAME = "$(TARGET_NAME)";
				SWIFT_EMIT_LOC_STRINGS = YES;
				SWIFT_VERSION = 5.0;
				TARGETED_DEVICE_FAMILY = "1,2";
			};
			name = Debug;
		};
		693B940D28B81240000DFBFF /* Release */ = {
			isa = XCBuildConfiguration;
			buildSettings = {
				ASSETCATALOG_COMPILER_APPICON_NAME = AppIcon;
				ASSETCATALOG_COMPILER_GLOBAL_ACCENT_COLOR_NAME = AccentColor;
				CODE_SIGN_STYLE = Automatic;
				CURRENT_PROJECT_VERSION = 1;
				DEVELOPMENT_TEAM = C23R3D8MDH;
				GENERATE_INFOPLIST_FILE = YES;
				INFOPLIST_FILE = CollectoinPhotoApp/Info.plist;
				INFOPLIST_KEY_UIApplicationSupportsIndirectInputEvents = YES;
				INFOPLIST_KEY_UILaunchStoryboardName = LaunchScreen;
				INFOPLIST_KEY_UIMainStoryboardFile = Main;
				INFOPLIST_KEY_UISupportedInterfaceOrientations_iPad = "UIInterfaceOrientationPortrait UIInterfaceOrientationPortraitUpsideDown UIInterfaceOrientationLandscapeLeft UIInterfaceOrientationLandscapeRight";
				INFOPLIST_KEY_UISupportedInterfaceOrientations_iPhone = "UIInterfaceOrientationPortrait UIInterfaceOrientationLandscapeLeft UIInterfaceOrientationLandscapeRight";
				LD_RUNPATH_SEARCH_PATHS = (
					"$(inherited)",
					"@executable_path/Frameworks",
				);
				MARKETING_VERSION = 1.0;
				PRODUCT_BUNDLE_IDENTIFIER = com.parkhom..CollectoinPhotoApp;
				PRODUCT_NAME = "$(TARGET_NAME)";
				SWIFT_EMIT_LOC_STRINGS = YES;
				SWIFT_VERSION = 5.0;
				TARGETED_DEVICE_FAMILY = "1,2";
			};
			name = Release;
		};
/* End XCBuildConfiguration section */

/* Begin XCConfigurationList section */
		693B93F228B8123F000DFBFF /* Build configuration list for PBXProject "CollectoinPhotoApp" */ = {
			isa = XCConfigurationList;
			buildConfigurations = (
				693B940928B81240000DFBFF /* Debug */,
				693B940A28B81240000DFBFF /* Release */,
			);
			defaultConfigurationIsVisible = 0;
			defaultConfigurationName = Release;
		};
		693B940B28B81240000DFBFF /* Build configuration list for PBXNativeTarget "CollectoinPhotoApp" */ = {
			isa = XCConfigurationList;
			buildConfigurations = (
				693B940C28B81240000DFBFF /* Debug */,
				693B940D28B81240000DFBFF /* Release */,
			);
			defaultConfigurationIsVisible = 0;
			defaultConfigurationName = Release;
		};
/* End XCConfigurationList section */
	};
	rootObject = 693B93EF28B8123F000DFBFF /* Project object */;
}
